
Microsoft Visual Studio Solution File, Format Version 12.00
# Visual Studio Version 17
VisualStudioVersion = 17.14.36301.6
MinimumVisualStudioVersion = 10.0.40219.1
Project("{FAE04EC0-301F-11D3-BF4B-00C04F79EFBC}") = "DataAccess", "Repositories\DataAccess.csproj", "{C22F3941-0116-4AFE-B86C-1A441329171D}"
EndProject
Project("{FAE04EC0-301F-11D3-BF4B-00C04F79EFBC}") = "BusinessLogicLayer", "Services\BusinessLogicLayer.csproj", "{CA5B91F6-DA23-4FF1-8B79-E9633D6CC3AE}"
EndProject
Project("{FAE04EC0-301F-11D3-BF4B-00C04F79EFBC}") = "API", "API\API.csproj", "{49C3B1FF-7E78-48C4-9FB7-858EDEF9AC48}"
EndProject
Project("{FAE04EC0-301F-11D3-BF4B-00C04F79EFBC}") = "Model", "Model\Model.csproj", "{0D9111A3-D81F-42D8-BA35-56FDAC23F826}"
EndProject
Global
	GlobalSection(SolutionConfigurationPlatforms) = preSolution
		Debug|Any CPU = Debug|Any CPU
		Release|Any CPU = Release|Any CPU
	EndGlobalSection
	GlobalSection(ProjectConfigurationPlatforms) = postSolution
		{C22F3941-0116-4AFE-B86C-1A441329171D}.Debug|Any CPU.ActiveCfg = Debug|Any CPU
		{C22F3941-0116-4AFE-B86C-1A441329171D}.Debug|Any CPU.Build.0 = Debug|Any CPU
		{C22F3941-0116-4AFE-B86C-1A441329171D}.Release|Any CPU.ActiveCfg = Release|Any CPU
		{C22F3941-0116-4AFE-B86C-1A441329171D}.Release|Any CPU.Build.0 = Release|Any CPU
		{CA5B91F6-DA23-4FF1-8B79-E9633D6CC3AE}.Debug|Any CPU.ActiveCfg = Debug|Any CPU
		{CA5B91F6-DA23-4FF1-8B79-E9633D6CC3AE}.Debug|Any CPU.Build.0 = Debug|Any CPU
		{CA5B91F6-DA23-4FF1-8B79-E9633D6CC3AE}.Release|Any CPU.ActiveCfg = Release|Any CPU
		{CA5B91F6-DA23-4FF1-8B79-E9633D6CC3AE}.Release|Any CPU.Build.0 = Release|Any CPU
		{49C3B1FF-7E78-48C4-9FB7-858EDEF9AC48}.Debug|Any CPU.ActiveCfg = Debug|Any CPU
		{49C3B1FF-7E78-48C4-9FB7-858EDEF9AC48}.Debug|Any CPU.Build.0 = Debug|Any CPU
		{49C3B1FF-7E78-48C4-9FB7-858EDEF9AC48}.Release|Any CPU.ActiveCfg = Release|Any CPU
		{49C3B1FF-7E78-48C4-9FB7-858EDEF9AC48}.Release|Any CPU.Build.0 = Release|Any CPU
		{0D9111A3-D81F-42D8-BA35-56FDAC23F826}.Debug|Any CPU.ActiveCfg = Debug|Any CPU
		{0D9111A3-D81F-42D8-BA35-56FDAC23F826}.Debug|Any CPU.Build.0 = Debug|Any CPU
		{0D9111A3-D81F-42D8-BA35-56FDAC23F826}.Release|Any CPU.ActiveCfg = Release|Any CPU
		{0D9111A3-D81F-42D8-BA35-56FDAC23F826}.Release|Any CPU.Build.0 = Release|Any CPU
	EndGlobalSection
	GlobalSection(SolutionProperties) = preSolution
		HideSolutionNode = FALSE
	EndGlobalSection
	GlobalSection(ExtensibilityGlobals) = postSolution
		SolutionGuid = {4331A912-4C49-4376-9A57-D9BF8C720A90}
	EndGlobalSection
EndGlobal
